
Microsoft Visual Studio Solution File, Format Version 12.00
# Visual Studio 15
VisualStudioVersion = 15.0.28010.2016
MinimumVisualStudioVersion = 10.0.40219.1
Project("{FAE04EC0-301F-11D3-BF4B-00C04F79EFBC}") = "Decorators", "Decorators\Decorators.csproj", "{6F338898-962F-441D-9B93-DE2A2FEEA05F}"
EndProject
Project("{FAE04EC0-301F-11D3-BF4B-00C04F79EFBC}") = "DecoratorsDLL", "DecoratorsDLL\DecoratorsDLL.csproj", "{946A99F6-E26B-469F-8B57-9BEFDE19A1A3}"
EndProject
Project("{FAE04EC0-301F-11D3-BF4B-00C04F79EFBC}") = "DecoratorExecutable", "DecoratorExecutable\DecoratorExecutable.csproj", "{955C915C-A19C-40F0-A56C-3BFEB812133A}"
EndProject
Global
	GlobalSection(SolutionConfigurationPlatforms) = preSolution
		Debug|Any CPU = Debug|Any CPU
		Release|Any CPU = Release|Any CPU
	EndGlobalSection
	GlobalSection(ProjectConfigurationPlatforms) = postSolution
		{6F338898-962F-441D-9B93-DE2A2FEEA05F}.Debug|Any CPU.ActiveCfg = Debug|Any CPU
		{6F338898-962F-441D-9B93-DE2A2FEEA05F}.Debug|Any CPU.Build.0 = Debug|Any CPU
		{6F338898-962F-441D-9B93-DE2A2FEEA05F}.Release|Any CPU.ActiveCfg = Release|Any CPU
		{6F338898-962F-441D-9B93-DE2A2FEEA05F}.Release|Any CPU.Build.0 = Release|Any CPU
		{946A99F6-E26B-469F-8B57-9BEFDE19A1A3}.Debug|Any CPU.ActiveCfg = Debug|Any CPU
		{946A99F6-E26B-469F-8B57-9BEFDE19A1A3}.Debug|Any CPU.Build.0 = Debug|Any CPU
		{946A99F6-E26B-469F-8B57-9BEFDE19A1A3}.Release|Any CPU.ActiveCfg = Release|Any CPU
		{946A99F6-E26B-469F-8B57-9BEFDE19A1A3}.Release|Any CPU.Build.0 = Release|Any CPU
		{955C915C-A19C-40F0-A56C-3BFEB812133A}.Debug|Any CPU.ActiveCfg = Debug|Any CPU
		{955C915C-A19C-40F0-A56C-3BFEB812133A}.Debug|Any CPU.Build.0 = Debug|Any CPU
		{955C915C-A19C-40F0-A56C-3BFEB812133A}.Release|Any CPU.ActiveCfg = Release|Any CPU
		{955C915C-A19C-40F0-A56C-3BFEB812133A}.Release|Any CPU.Build.0 = Release|Any CPU
	EndGlobalSection
	GlobalSection(SolutionProperties) = preSolution
		HideSolutionNode = FALSE
	EndGlobalSection
	GlobalSection(ExtensibilityGlobals) = postSolution
		SolutionGuid = {54C3099A-BDDF-499B-AFB3-EBD845A48EAE}
	EndGlobalSection
EndGlobal
